
Microsoft Visual Studio Solution File, Format Version 12.00
# Visual Studio Version 17
VisualStudioVersion = 17.0.31903.59
MinimumVisualStudioVersion = 10.0.40219.1
Project("{FAE04EC0-301F-11D3-BF4B-00C04F79EFBC}") = "MoviesAPI", "MoviesAPI.csproj", "{37137D0B-7D3D-41D1-A10D-70B7E34A7A8F}"
EndProject
Project("{FAE04EC0-301F-11D3-BF4B-00C04F79EFBC}") = "MoviesAPITest", "MoviesAPITest\MoviesAPITest.csproj", "{EAF3BC6E-E3D5-4A3C-8CF3-3C7164CA6C1B}"
EndProject
Global
	GlobalSection(SolutionConfigurationPlatforms) = preSolution
		Debug|Any CPU = Debug|Any CPU
		Release|Any CPU = Release|Any CPU
	EndGlobalSection
	GlobalSection(SolutionProperties) = preSolution
		HideSolutionNode = FALSE
	EndGlobalSection
	GlobalSection(ProjectConfigurationPlatforms) = postSolution
		{37137D0B-7D3D-41D1-A10D-70B7E34A7A8F}.Debug|Any CPU.ActiveCfg = Debug|Any CPU
		{37137D0B-7D3D-41D1-A10D-70B7E34A7A8F}.Debug|Any CPU.Build.0 = Debug|Any CPU
		{37137D0B-7D3D-41D1-A10D-70B7E34A7A8F}.Release|Any CPU.ActiveCfg = Release|Any CPU
		{37137D0B-7D3D-41D1-A10D-70B7E34A7A8F}.Release|Any CPU.Build.0 = Release|Any CPU
		{EAF3BC6E-E3D5-4A3C-8CF3-3C7164CA6C1B}.Debug|Any CPU.ActiveCfg = Debug|Any CPU
		{EAF3BC6E-E3D5-4A3C-8CF3-3C7164CA6C1B}.Debug|Any CPU.Build.0 = Debug|Any CPU
		{EAF3BC6E-E3D5-4A3C-8CF3-3C7164CA6C1B}.Release|Any CPU.ActiveCfg = Release|Any CPU
		{EAF3BC6E-E3D5-4A3C-8CF3-3C7164CA6C1B}.Release|Any CPU.Build.0 = Release|Any CPU
	EndGlobalSection
EndGlobal
